
Microsoft Visual Studio Solution File, Format Version 12.00
# Visual Studio Version 16
VisualStudioVersion = 16.0.29318.209
MinimumVisualStudioVersion = 10.0.40219.1
Project("{FAE04EC0-301F-11D3-BF4B-00C04F79EFBC}") = "01-DatabaseFirst", "01-DatabaseFirst\01-DatabaseFirst.csproj", "{B8AFFCD4-E7E2-4BBA-A1EC-CF20FD9928A3}"
EndProject
Global
	GlobalSection(SolutionConfigurationPlatforms) = preSolution
		Debug|Any CPU = Debug|Any CPU
		Release|Any CPU = Release|Any CPU
	EndGlobalSection
	GlobalSection(ProjectConfigurationPlatforms) = postSolution
		{B8AFFCD4-E7E2-4BBA-A1EC-CF20FD9928A3}.Debug|Any CPU.ActiveCfg = Debug|Any CPU
		{B8AFFCD4-E7E2-4BBA-A1EC-CF20FD9928A3}.Debug|Any CPU.Build.0 = Debug|Any CPU
		{B8AFFCD4-E7E2-4BBA-A1EC-CF20FD9928A3}.Release|Any CPU.ActiveCfg = Release|Any CPU
		{B8AFFCD4-E7E2-4BBA-A1EC-CF20FD9928A3}.Release|Any CPU.Build.0 = Release|Any CPU
	EndGlobalSection
	GlobalSection(SolutionProperties) = preSolution
		HideSolutionNode = FALSE
	EndGlobalSection
	GlobalSection(ExtensibilityGlobals) = postSolution
		SolutionGuid = {BFAB51E0-E005-4949-B08A-645D67BB1317}
	EndGlobalSection
EndGlobal
